
Microsoft Visual Studio Solution File, Format Version 12.00
# Visual Studio Version 17
VisualStudioVersion = 17.13.35919.96 d17.13
MinimumVisualStudioVersion = 10.0.40219.1
Project("{FAE04EC0-301F-11D3-BF4B-00C04F79EFBC}") = "UniWay-API", "UniWay-API\UniWay-API.csproj", "{13E114C9-6F9F-4A51-A5E7-79152D293B99}"
EndProject
Global
	GlobalSection(SolutionConfigurationPlatforms) = preSolution
		Debug|Any CPU = Debug|Any CPU
		Release|Any CPU = Release|Any CPU
	EndGlobalSection
	GlobalSection(ProjectConfigurationPlatforms) = postSolution
		{13E114C9-6F9F-4A51-A5E7-79152D293B99}.Debug|Any CPU.ActiveCfg = Debug|Any CPU
		{13E114C9-6F9F-4A51-A5E7-79152D293B99}.Debug|Any CPU.Build.0 = Debug|Any CPU
		{13E114C9-6F9F-4A51-A5E7-79152D293B99}.Release|Any CPU.ActiveCfg = Release|Any CPU
		{13E114C9-6F9F-4A51-A5E7-79152D293B99}.Release|Any CPU.Build.0 = Release|Any CPU
	EndGlobalSection
	GlobalSection(SolutionProperties) = preSolution
		HideSolutionNode = FALSE
	EndGlobalSection
	GlobalSection(ExtensibilityGlobals) = postSolution
		SolutionGuid = {1947DB8C-9016-4BCD-9E1B-27CAC8228220}
	EndGlobalSection
EndGlobal
